PODS:
  - IndoorLocation (1.0.4)
  - Mapbox-iOS-SDK (5.8.0):
    - MapboxMobileEvents (= 0.10.2)
  - MapboxMobileEvents (0.10.2)
  - MapwizeSDK (3.1.0):
    - IndoorLocation (= 1.0.4)
    - Mapbox-iOS-SDK (~> 5.0)
    - SSZipArchive (= 2.2.2)
  - MapwizeUI (2.1.7):
    - MapwizeSDK (~> 3.0)
  - SSZipArchive (2.2.2)

DEPENDENCIES:
  - MapwizeSDK

SPEC REPOS:
  trunk:
    - IndoorLocation
    - Mapbox-iOS-SDK
    - MapboxMobileEvents
    - MapwizeSDK
    - SSZipArchive

SPEC CHECKSUMS:
  IndoorLocation: 9812c8c2d499ef25e6146ef90cf23f8d107213a8
  Mapbox-iOS-SDK: 02590a60fe300810c55432219a0caaa1338fbafb
  MapboxMobileEvents: 2bc0ca2eedb627b73cf403258dce2b2fa98074a6
  MapwizeSDK: fdd87c65fe869a263ab66b7e6b46969389b4a95c
  MapwizeUI: 7818eb4d33510b7af91ca06c725935e2087feb54
  SSZipArchive: fa16b8cc4cdeceb698e5e5d9f67e9558532fbf23

PODFILE CHECKSUM: e43b33ad4ccf559a42d1b0703ec515abf0550d89

COCOAPODS: 1.8.4
