PODS:
  - IndoorLocation (1.0.4)
  - Mapbox-iOS-SDK (5.9.0):
    - MapboxMobileEvents (= 0.10.2)
  - MapboxMobileEvents (0.10.2)
  - MapwizeSDK (3.5.0):
    - IndoorLocation (= 1.0.4)
    - Mapbox-iOS-SDK (~> 5.0)
    - SSZipArchive (= 2.2.3)
  - MapwizeUI (2.4.0):
    - MapwizeSDK (= 3.5.0)
  - SSZipArchive (2.2.3)

DEPENDENCIES:
  - IndoorLocation
  - MapwizeSDK (from `../mapwize-sdk-ios`)
  - MapwizeUI (from `.`)

SPEC REPOS:
  trunk:
    - IndoorLocation
    - Mapbox-iOS-SDK
    - MapboxMobileEvents
    - SSZipArchive

EXTERNAL SOURCES:
  MapwizeSDK:
    :path: "../mapwize-sdk-ios"
  MapwizeUI:
    :path: "."

SPEC CHECKSUMS:
  IndoorLocation: 9812c8c2d499ef25e6146ef90cf23f8d107213a8
  Mapbox-iOS-SDK: a5915700ec84bc1a7f8b3e746d474789e35b7956
  MapboxMobileEvents: 2bc0ca2eedb627b73cf403258dce2b2fa98074a6
  MapwizeSDK: 7fff9192d03575c48e3aab39c56af926304b6c75
  MapwizeUI: 73cef697553848c70ac73e1b59b5997a7bd31394
  SSZipArchive: 62d4947b08730e4cda640473b0066d209ff033c9

PODFILE CHECKSUM: 3e18d38575b1111c4d80a0cfc49c9df2a80e48a3

COCOAPODS: 1.10.1
