// !$*UTF8*$!
{
	archiveVersion = 1;
	classes = {
	};
	objectVersion = 50;
	objects = {

/* Begin PBXBuildFile section */
		6AE2F1AECD1A17FB83C5E2AE /* Pods_MapwizeUI.framework in Frameworks */ = {isa = PBXBuildFile; fileRef = A087F06AEC97B04A58BB7884 /* Pods_MapwizeUI.framework */; };
		8F05E8D023980338007A7C73 /* MWZMapViewControllerDelegate.h in Headers */ = {isa = PBXBuildFile; fileRef = 8F05E8CF23980338007A7C73 /* MWZMapViewControllerDelegate.h */; };
		8F1B2A602369DBCA0001CEA1 /* MWZDefaultScene.h in Headers */ = {isa = PBXBuildFile; fileRef = 8F1B2A5E2369DBCA0001CEA1 /* MWZDefaultScene.h */; };
		8F1B2A612369DBCA0001CEA1 /* MWZDefaultScene.m in Sources */ = {isa = PBXBuildFile; fileRef = 8F1B2A5F2369DBCA0001CEA1 /* MWZDefaultScene.m */; };
		8F31F9E7232687DC00BB4956 /* MWZUIFloorControllerDelegate.h in Headers */ = {isa = PBXBuildFile; fileRef = 8F31F9E6232687DC00BB4956 /* MWZUIFloorControllerDelegate.h */; };
		8F37AE1F234E216E00048291 /* MWZUIRequireMapwizeInformationProtocol.h in Headers */ = {isa = PBXBuildFile; fileRef = 8F0C8DE623279DB3007B0A0C /* MWZUIRequireMapwizeInformationProtocol.h */; };
		8F5C890D2369D3790043573C /* MWZSearchSceneDelegate.h in Headers */ = {isa = PBXBuildFile; fileRef = 8F5C890C2369D3790043573C /* MWZSearchSceneDelegate.h */; };
		8F74A7F32382DEE80036B830 /* MWZPaddingTextField.h in Headers */ = {isa = PBXBuildFile; fileRef = 8F74A7F12382DEE80036B830 /* MWZPaddingTextField.h */; };
		8F74A7F42382DEE80036B830 /* MWZPaddingTextField.m in Sources */ = {isa = PBXBuildFile; fileRef = 8F74A7F22382DEE80036B830 /* MWZPaddingTextField.m */; };
		8F86077B219D66A100281AB7 /* MapwizeUI.h in Headers */ = {isa = PBXBuildFile; fileRef = 8F860779219D66A100281AB7 /* MapwizeUI.h */; settings = {ATTRIBUTES = (Public, ); }; };
		8F8607BF219D67AB00281AB7 /* MWZUISearchBar.h in Headers */ = {isa = PBXBuildFile; fileRef = 8F860782219D67AB00281AB7 /* MWZUISearchBar.h */; };
		8F8607C0219D67AB00281AB7 /* MWZUISearchBar.m in Sources */ = {isa = PBXBuildFile; fileRef = 8F860783219D67AB00281AB7 /* MWZUISearchBar.m */; };
		8F8607C1219D67AB00281AB7 /* MWZUISearchBarDelegate.h in Headers */ = {isa = PBXBuildFile; fileRef = 8F860784219D67AB00281AB7 /* MWZUISearchBarDelegate.h */; };
		8F8607C2219D67AB00281AB7 /* MWZUICompass.h in Headers */ = {isa = PBXBuildFile; fileRef = 8F860786219D67AB00281AB7 /* MWZUICompass.h */; };
		8F8607C3219D67AB00281AB7 /* MWZUICompassDelegate.h in Headers */ = {isa = PBXBuildFile; fileRef = 8F860787219D67AB00281AB7 /* MWZUICompassDelegate.h */; };
		8F8607C4219D67AB00281AB7 /* MWZUICompass.m in Sources */ = {isa = PBXBuildFile; fileRef = 8F860788219D67AB00281AB7 /* MWZUICompass.m */; };
		8F8607C5219D67AB00281AB7 /* MWZUIBottomInfoView.m in Sources */ = {isa = PBXBuildFile; fileRef = 8F86078A219D67AB00281AB7 /* MWZUIBottomInfoView.m */; };
		8F8607C6219D67AB00281AB7 /* MWZUIBottomInfoView.h in Headers */ = {isa = PBXBuildFile; fileRef = 8F86078B219D67AB00281AB7 /* MWZUIBottomInfoView.h */; };
		8F8607C7219D67AB00281AB7 /* MWZUIBottomInfoViewDelegate.h in Headers */ = {isa = PBXBuildFile; fileRef = 8F86078C219D67AB00281AB7 /* MWZUIBottomInfoViewDelegate.h */; };
		8F8607C8219D67AB00281AB7 /* MWZMapwizeView.h in Headers */ = {isa = PBXBuildFile; fileRef = 8F86078E219D67AB00281AB7 /* MWZMapwizeView.h */; settings = {ATTRIBUTES = (Public, ); }; };
		8F8607C9219D67AB00281AB7 /* MWZMapwizeViewDelegate.h in Headers */ = {isa = PBXBuildFile; fileRef = 8F86078F219D67AB00281AB7 /* MWZMapwizeViewDelegate.h */; settings = {ATTRIBUTES = (Public, ); }; };
		8F8607CA219D67AB00281AB7 /* MWZMapwizeView.m in Sources */ = {isa = PBXBuildFile; fileRef = 8F860790219D67AB00281AB7 /* MWZMapwizeView.m */; };
		8F8607CB219D67AB00281AB7 /* MWZUIIconTextButton.m in Sources */ = {isa = PBXBuildFile; fileRef = 8F860792219D67AB00281AB7 /* MWZUIIconTextButton.m */; };
		8F8607CC219D67AB00281AB7 /* MWZUIBorderedTextField.h in Headers */ = {isa = PBXBuildFile; fileRef = 8F860793219D67AB00281AB7 /* MWZUIBorderedTextField.h */; };
		8F8607CD219D67AB00281AB7 /* MWZUICurrentLocationView.h in Headers */ = {isa = PBXBuildFile; fileRef = 8F860794219D67AB00281AB7 /* MWZUICurrentLocationView.h */; };
		8F8607CE219D67AB00281AB7 /* MWZUILoadingBar.h in Headers */ = {isa = PBXBuildFile; fileRef = 8F860795219D67AB00281AB7 /* MWZUILoadingBar.h */; };
		8F8607CF219D67AB00281AB7 /* MWZUIIconTextButton.h in Headers */ = {isa = PBXBuildFile; fileRef = 8F860796219D67AB00281AB7 /* MWZUIIconTextButton.h */; };
		8F8607D0219D67AB00281AB7 /* MWZUIBorderedTextField.m in Sources */ = {isa = PBXBuildFile; fileRef = 8F860797219D67AB00281AB7 /* MWZUIBorderedTextField.m */; };
		8F8607D1219D67AB00281AB7 /* MWZUILoadingBar.m in Sources */ = {isa = PBXBuildFile; fileRef = 8F860798219D67AB00281AB7 /* MWZUILoadingBar.m */; };
		8F8607D2219D67AB00281AB7 /* MWZUICurrentLocationView.m in Sources */ = {isa = PBXBuildFile; fileRef = 8F860799219D67AB00281AB7 /* MWZUICurrentLocationView.m */; };
		8F8607D3219D67AB00281AB7 /* MWZSearchData.m in Sources */ = {isa = PBXBuildFile; fileRef = 8F86079B219D67AB00281AB7 /* MWZSearchData.m */; };
		8F8607D4219D67AB00281AB7 /* ILIndoorLocation+DirectionPoint.m in Sources */ = {isa = PBXBuildFile; fileRef = 8F86079C219D67AB00281AB7 /* ILIndoorLocation+DirectionPoint.m */; };
		8F8607D5219D67AB00281AB7 /* MWZSearchData.h in Headers */ = {isa = PBXBuildFile; fileRef = 8F86079D219D67AB00281AB7 /* MWZSearchData.h */; };
		8F8607D6219D67AB00281AB7 /* ILIndoorLocation+DirectionPoint.h in Headers */ = {isa = PBXBuildFile; fileRef = 8F86079E219D67AB00281AB7 /* ILIndoorLocation+DirectionPoint.h */; };
		8F8607D7219D67AB00281AB7 /* MWZUIDirectionInfo.h in Headers */ = {isa = PBXBuildFile; fileRef = 8F8607A0219D67AB00281AB7 /* MWZUIDirectionInfo.h */; };
		8F8607D8219D67AB00281AB7 /* MWZUIDirectionBar.h in Headers */ = {isa = PBXBuildFile; fileRef = 8F8607A1219D67AB00281AB7 /* MWZUIDirectionBar.h */; };
		8F8607D9219D67AB00281AB7 /* MWZUIDirectionBarDelegate.h in Headers */ = {isa = PBXBuildFile; fileRef = 8F8607A2219D67AB00281AB7 /* MWZUIDirectionBarDelegate.h */; };
		8F8607DA219D67AB00281AB7 /* MWZUIDirectionBar.m in Sources */ = {isa = PBXBuildFile; fileRef = 8F8607A3219D67AB00281AB7 /* MWZUIDirectionBar.m */; };
		8F8607DB219D67AB00281AB7 /* MWZUIDirectionInfo.m in Sources */ = {isa = PBXBuildFile; fileRef = 8F8607A4219D67AB00281AB7 /* MWZUIDirectionInfo.m */; };
		8F8607DC219D67AB00281AB7 /* MWZUIUniversesButton.m in Sources */ = {isa = PBXBuildFile; fileRef = 8F8607A6219D67AB00281AB7 /* MWZUIUniversesButton.m */; };
		8F8607DD219D67AB00281AB7 /* MWZUIUniversesButtonDelegate.h in Headers */ = {isa = PBXBuildFile; fileRef = 8F8607A7219D67AB00281AB7 /* MWZUIUniversesButtonDelegate.h */; };
		8F8607DE219D67AB00281AB7 /* MWZUIUniversesButton.h in Headers */ = {isa = PBXBuildFile; fileRef = 8F8607A8219D67AB00281AB7 /* MWZUIUniversesButton.h */; };
		8F8607DF219D67AB00281AB7 /* MWZUIFollowUserButtonDelegate.h in Headers */ = {isa = PBXBuildFile; fileRef = 8F8607AA219D67AB00281AB7 /* MWZUIFollowUserButtonDelegate.h */; };
		8F8607E0219D67AB00281AB7 /* MWZUIFollowUserButton.h in Headers */ = {isa = PBXBuildFile; fileRef = 8F8607AB219D67AB00281AB7 /* MWZUIFollowUserButton.h */; };
		8F8607E1219D67AB00281AB7 /* MWZUIFollowUserButton.m in Sources */ = {isa = PBXBuildFile; fileRef = 8F8607AC219D67AB00281AB7 /* MWZUIFollowUserButton.m */; };
		8F8607E3219D67AB00281AB7 /* MWZUIGroupedResultList.h in Headers */ = {isa = PBXBuildFile; fileRef = 8F8607B0219D67AB00281AB7 /* MWZUIGroupedResultList.h */; };
		8F8607E4219D67AB00281AB7 /* MWZUITitleCell.h in Headers */ = {isa = PBXBuildFile; fileRef = 8F8607B1219D67AB00281AB7 /* MWZUITitleCell.h */; };
		8F8607E5219D67AB00281AB7 /* MWZUIResultListDelegate.h in Headers */ = {isa = PBXBuildFile; fileRef = 8F8607B2219D67AB00281AB7 /* MWZUIResultListDelegate.h */; };
		8F8607E6219D67AB00281AB7 /* MWZUISubtitleCell.m in Sources */ = {isa = PBXBuildFile; fileRef = 8F8607B3219D67AB00281AB7 /* MWZUISubtitleCell.m */; };
		8F8607E7219D67AB00281AB7 /* MWZUIResultList.h in Headers */ = {isa = PBXBuildFile; fileRef = 8F8607B4219D67AB00281AB7 /* MWZUIResultList.h */; };
		8F8607E8219D67AB00281AB7 /* MWZUIGroupedResultListDelegate.h in Headers */ = {isa = PBXBuildFile; fileRef = 8F8607B5219D67AB00281AB7 /* MWZUIGroupedResultListDelegate.h */; };
		8F8607E9219D67AB00281AB7 /* MWZUIGroupedResultList.m in Sources */ = {isa = PBXBuildFile; fileRef = 8F8607B6219D67AB00281AB7 /* MWZUIGroupedResultList.m */; };
		8F8607EA219D67AB00281AB7 /* MWZUITitleCell.m in Sources */ = {isa = PBXBuildFile; fileRef = 8F8607B7219D67AB00281AB7 /* MWZUITitleCell.m */; };
		8F8607EB219D67AB00281AB7 /* MWZUIResultList.m in Sources */ = {isa = PBXBuildFile; fileRef = 8F8607B8219D67AB00281AB7 /* MWZUIResultList.m */; };
		8F8607EC219D67AB00281AB7 /* MWZUISubtitleCell.h in Headers */ = {isa = PBXBuildFile; fileRef = 8F8607B9219D67AB00281AB7 /* MWZUISubtitleCell.h */; };
		8F8607ED219D67AB00281AB7 /* MWZUIFloorController.h in Headers */ = {isa = PBXBuildFile; fileRef = 8F8607BB219D67AB00281AB7 /* MWZUIFloorController.h */; };
		8F8607EE219D67AB00281AB7 /* MWZUIFloorView.h in Headers */ = {isa = PBXBuildFile; fileRef = 8F8607BC219D67AB00281AB7 /* MWZUIFloorView.h */; };
		8F8607EF219D67AB00281AB7 /* MWZUIFloorController.m in Sources */ = {isa = PBXBuildFile; fileRef = 8F8607BD219D67AB00281AB7 /* MWZUIFloorController.m */; };
		8F8607F0219D67AB00281AB7 /* MWZUIFloorView.m in Sources */ = {isa = PBXBuildFile; fileRef = 8F8607BE219D67AB00281AB7 /* MWZUIFloorView.m */; };
		8F8607FE219D976200281AB7 /* Localizable.strings in Resources */ = {isa = PBXBuildFile; fileRef = 8F860800219D976200281AB7 /* Localizable.strings */; };
		8F86080A219D9CAA00281AB7 /* MWZUILanguagesButton.h in Headers */ = {isa = PBXBuildFile; fileRef = 8F860808219D9CAA00281AB7 /* MWZUILanguagesButton.h */; };
		8F86080B219D9CAA00281AB7 /* MWZUILanguagesButton.m in Sources */ = {isa = PBXBuildFile; fileRef = 8F860809219D9CAA00281AB7 /* MWZUILanguagesButton.m */; };
		8F86080D219D9CBF00281AB7 /* MWZUILanguagesButtonDelegate.h in Headers */ = {isa = PBXBuildFile; fileRef = 8F86080C219D9CBF00281AB7 /* MWZUILanguagesButtonDelegate.h */; };
		8F86080F219DA7A600281AB7 /* mwzimages.xcassets in Resources */ = {isa = PBXBuildFile; fileRef = 8F86080E219DA7A600281AB7 /* mwzimages.xcassets */; };
		8F860812219DAE0800281AB7 /* MWZMapwizeViewUISettings.h in Headers */ = {isa = PBXBuildFile; fileRef = 8F860810219DAE0800281AB7 /* MWZMapwizeViewUISettings.h */; settings = {ATTRIBUTES = (Public, ); }; };
		8F860813219DAE0800281AB7 /* MWZMapwizeViewUISettings.m in Sources */ = {isa = PBXBuildFile; fileRef = 8F860811219DAE0800281AB7 /* MWZMapwizeViewUISettings.m */; };
		8F860817219DC5F200281AB7 /* MWZUIColors.h in Headers */ = {isa = PBXBuildFile; fileRef = 8F860815219DC5F200281AB7 /* MWZUIColors.h */; };
		8F860818219DC5F200281AB7 /* MWZUIColors.m in Sources */ = {isa = PBXBuildFile; fileRef = 8F860816219DC5F200281AB7 /* MWZUIColors.m */; };
		8F8640D4222831140043E9E5 /* MWZUITitleWithoutFloorCellTableViewCell.m in Sources */ = {isa = PBXBuildFile; fileRef = 8F8640D2222831130043E9E5 /* MWZUITitleWithoutFloorCellTableViewCell.m */; };
		8F8640D5222831140043E9E5 /* MWZUITitleWithoutFloorCellTableViewCell.h in Headers */ = {isa = PBXBuildFile; fileRef = 8F8640D3222831140043E9E5 /* MWZUITitleWithoutFloorCellTableViewCell.h */; };
		8F87E07B238FC95A00B18EB1 /* MWZDefaultSceneProperties.h in Headers */ = {isa = PBXBuildFile; fileRef = 8F87E079238FC95A00B18EB1 /* MWZDefaultSceneProperties.h */; };
		8F87E07C238FC95A00B18EB1 /* MWZDefaultSceneProperties.m in Sources */ = {isa = PBXBuildFile; fileRef = 8F87E07A238FC95A00B18EB1 /* MWZDefaultSceneProperties.m */; };
		8F87E07F23951A7F00B18EB1 /* MWZDirectionModeSegment.h in Headers */ = {isa = PBXBuildFile; fileRef = 8F87E07D23951A7F00B18EB1 /* MWZDirectionModeSegment.h */; };
		8F87E08023951A7F00B18EB1 /* MWZDirectionModeSegment.m in Sources */ = {isa = PBXBuildFile; fileRef = 8F87E07E23951A7F00B18EB1 /* MWZDirectionModeSegment.m */; };
		8F87E0832395416500B18EB1 /* MWZDirectionMode.h in Headers */ = {isa = PBXBuildFile; fileRef = 8F87E0812395416400B18EB1 /* MWZDirectionMode.h */; };
		8F87E0842395416500B18EB1 /* MWZDirectionMode.m in Sources */ = {isa = PBXBuildFile; fileRef = 8F87E0822395416400B18EB1 /* MWZDirectionMode.m */; };
		8F87E086239555D800B18EB1 /* MWZDirectionModeSegmentDelegate.h in Headers */ = {isa = PBXBuildFile; fileRef = 8F87E085239555D800B18EB1 /* MWZDirectionModeSegmentDelegate.h */; };
		8F8B14AA237AA67300E03BCE /* MWZDirectionScene.h in Headers */ = {isa = PBXBuildFile; fileRef = 8F8B14A8237AA67300E03BCE /* MWZDirectionScene.h */; };
		8F8B14AB237AA67300E03BCE /* MWZDirectionScene.m in Sources */ = {isa = PBXBuildFile; fileRef = 8F8B14A9237AA67300E03BCE /* MWZDirectionScene.m */; };
		8F8B14AD237AA6A400E03BCE /* MWZDirectionSceneDelegate.h in Headers */ = {isa = PBXBuildFile; fileRef = 8F8B14AC237AA6A400E03BCE /* MWZDirectionSceneDelegate.h */; };
		8F8B14B0237AA87C00E03BCE /* MWZDirectionHeader.h in Headers */ = {isa = PBXBuildFile; fileRef = 8F8B14AE237AA87C00E03BCE /* MWZDirectionHeader.h */; };
		8F8B14B1237AA87C00E03BCE /* MWZDirectionHeader.m in Sources */ = {isa = PBXBuildFile; fileRef = 8F8B14AF237AA87C00E03BCE /* MWZDirectionHeader.m */; };
		8F8B14B3237AB80200E03BCE /* MWZDirectionHeaderDelegate.h in Headers */ = {isa = PBXBuildFile; fileRef = 8F8B14B2237AB80200E03BCE /* MWZDirectionHeaderDelegate.h */; };
		8F8B14B6237ABC0900E03BCE /* MWZPaddingLabel.h in Headers */ = {isa = PBXBuildFile; fileRef = 8F8B14B4237ABC0900E03BCE /* MWZPaddingLabel.h */; };
		8F8B14B7237ABC0900E03BCE /* MWZPaddingLabel.m in Sources */ = {isa = PBXBuildFile; fileRef = 8F8B14B5237ABC0900E03BCE /* MWZPaddingLabel.m */; };
		8FA9B35B23688294003A870A /* MWZSearchViewControllerOptions.h in Headers */ = {isa = PBXBuildFile; fileRef = 8FA9B35923688294003A870A /* MWZSearchViewControllerOptions.h */; };
		8FA9B35C23688294003A870A /* MWZSearchViewControllerOptions.m in Sources */ = {isa = PBXBuildFile; fileRef = 8FA9B35A23688294003A870A /* MWZSearchViewControllerOptions.m */; };
		8FA9B35F236982A3003A870A /* MWZUIConstants.h in Headers */ = {isa = PBXBuildFile; fileRef = 8FA9B35D236982A3003A870A /* MWZUIConstants.h */; };
		8FA9B360236982A3003A870A /* MWZUIConstants.m in Sources */ = {isa = PBXBuildFile; fileRef = 8FA9B35E236982A3003A870A /* MWZUIConstants.m */; };
		8FA9B3682369CBE2003A870A /* MWZSearchScene.h in Headers */ = {isa = PBXBuildFile; fileRef = 8FA9B3662369CBE2003A870A /* MWZSearchScene.h */; };
		8FA9B3692369CBE2003A870A /* MWZSearchScene.m in Sources */ = {isa = PBXBuildFile; fileRef = 8FA9B3672369CBE2003A870A /* MWZSearchScene.m */; };
		8FD2D598236AD28400F77DB2 /* MWZSceneCoordinator.h in Headers */ = {isa = PBXBuildFile; fileRef = 8FD2D596236AD28400F77DB2 /* MWZSceneCoordinator.h */; };
		8FD2D599236AD28400F77DB2 /* MWZSceneCoordinator.m in Sources */ = {isa = PBXBuildFile; fileRef = 8FD2D597236AD28400F77DB2 /* MWZSceneCoordinator.m */; };
		8FD2D59B236AD37200F77DB2 /* MWZScene.h in Headers */ = {isa = PBXBuildFile; fileRef = 8FD2D59A236AD37200F77DB2 /* MWZScene.h */; };
		8FDEC05E23684005005D12B1 /* MWZSearchQueryBar.h in Headers */ = {isa = PBXBuildFile; fileRef = 8FDEC05C23684005005D12B1 /* MWZSearchQueryBar.h */; };
		8FDEC05F23684005005D12B1 /* MWZSearchQueryBar.m in Sources */ = {isa = PBXBuildFile; fileRef = 8FDEC05D23684005005D12B1 /* MWZSearchQueryBar.m */; };
		8FDEC06323684703005D12B1 /* MWZMapViewController.h in Headers */ = {isa = PBXBuildFile; fileRef = 8FDEC06123684703005D12B1 /* MWZMapViewController.h */; settings = {ATTRIBUTES = (Public, ); }; };
		8FDEC06423684703005D12B1 /* MWZMapViewController.m in Sources */ = {isa = PBXBuildFile; fileRef = 8FDEC06223684703005D12B1 /* MWZMapViewController.m */; };
		8FDEC06B2368755E005D12B1 /* MWZSearchQueryBarDelegate.h in Headers */ = {isa = PBXBuildFile; fileRef = 8FDEC06A2368755E005D12B1 /* MWZSearchQueryBarDelegate.h */; };
		8FDEC06E23687C3F005D12B1 /* MWZMapViewMenuBar.h in Headers */ = {isa = PBXBuildFile; fileRef = 8FDEC06C23687C3F005D12B1 /* MWZMapViewMenuBar.h */; };
		8FDEC06F23687C3F005D12B1 /* MWZMapViewMenuBar.m in Sources */ = {isa = PBXBuildFile; fileRef = 8FDEC06D23687C3F005D12B1 /* MWZMapViewMenuBar.m */; };
		8FDEC07123687D50005D12B1 /* MWZMapViewMenuBarDelegate.h in Headers */ = {isa = PBXBuildFile; fileRef = 8FDEC07023687D50005D12B1 /* MWZMapViewMenuBarDelegate.h */; };
		C6B8D5712226785400A3AD82 /* MWZUIOptions.m in Sources */ = {isa = PBXBuildFile; fileRef = C6B8D5702226785400A3AD82 /* MWZUIOptions.m */; };
		C6B8D573222679EC00A3AD82 /* MWZUIOptions.h in Headers */ = {isa = PBXBuildFile; fileRef = C6B8D5722226786E00A3AD82 /* MWZUIOptions.h */; settings = {ATTRIBUTES = (Public, ); }; };
/* End PBXBuildFile section */

/* Begin PBXFileReference section */
		2D0DF2659609D033DF11BC8B /* Pods-MapwizeUI.release.xcconfig */ = {isa = PBXFileReference; includeInIndex = 1; lastKnownFileType = text.xcconfig; name = "Pods-MapwizeUI.release.xcconfig"; path = "Pods/Target Support Files/Pods-MapwizeUI/Pods-MapwizeUI.release.xcconfig"; sourceTree = "<group>"; };
		41A462D5A11F5E34086522F1 /* Pods-MapwizeUI.debug.xcconfig */ = {isa = PBXFileReference; includeInIndex = 1; lastKnownFileType = text.xcconfig; name = "Pods-MapwizeUI.debug.xcconfig"; path = "Pods/Target Support Files/Pods-MapwizeUI/Pods-MapwizeUI.debug.xcconfig"; sourceTree = "<group>"; };
		8F05E8CF23980338007A7C73 /* MWZMapViewControllerDelegate.h */ = {isa = PBXFileReference; lastKnownFileType = sourcecode.c.h; path = MWZMapViewControllerDelegate.h; sourceTree = "<group>"; };
		8F0C8DE623279DB3007B0A0C /* MWZUIRequireMapwizeInformationProtocol.h */ = {isa = PBXFileReference; lastKnownFileType = sourcecode.c.h; path = MWZUIRequireMapwizeInformationProtocol.h; sourceTree = "<group>"; };
		8F1B2A5E2369DBCA0001CEA1 /* MWZDefaultScene.h */ = {isa = PBXFileReference; lastKnownFileType = sourcecode.c.h; path = MWZDefaultScene.h; sourceTree = "<group>"; };
		8F1B2A5F2369DBCA0001CEA1 /* MWZDefaultScene.m */ = {isa = PBXFileReference; lastKnownFileType = sourcecode.c.objc; path = MWZDefaultScene.m; sourceTree = "<group>"; };
		8F31F9E6232687DC00BB4956 /* MWZUIFloorControllerDelegate.h */ = {isa = PBXFileReference; lastKnownFileType = sourcecode.c.h; path = MWZUIFloorControllerDelegate.h; sourceTree = "<group>"; };
		8F5C890C2369D3790043573C /* MWZSearchSceneDelegate.h */ = {isa = PBXFileReference; lastKnownFileType = sourcecode.c.h; path = MWZSearchSceneDelegate.h; sourceTree = "<group>"; };
		8F74A7F12382DEE80036B830 /* MWZPaddingTextField.h */ = {isa = PBXFileReference; lastKnownFileType = sourcecode.c.h; path = MWZPaddingTextField.h; sourceTree = "<group>"; };
		8F74A7F22382DEE80036B830 /* MWZPaddingTextField.m */ = {isa = PBXFileReference; lastKnownFileType = sourcecode.c.objc; path = MWZPaddingTextField.m; sourceTree = "<group>"; };
		8F860776219D66A100281AB7 /* MapwizeUI.framework */ = {isa = PBXFileReference; explicitFileType = wrapper.framework; includeInIndex = 0; path = MapwizeUI.framework; sourceTree = BUILT_PRODUCTS_DIR; };
		8F860779219D66A100281AB7 /* MapwizeUI.h */ = {isa = PBXFileReference; lastKnownFileType = sourcecode.c.h; path = MapwizeUI.h; sourceTree = "<group>"; };
		8F86077A219D66A100281AB7 /* Info.plist */ = {isa = PBXFileReference; lastKnownFileType = text.plist.xml; path = Info.plist; sourceTree = "<group>"; };
		8F860782219D67AB00281AB7 /* MWZUISearchBar.h */ = {isa = PBXFileReference; fileEncoding = 4; lastKnownFileType = sourcecode.c.h; path = MWZUISearchBar.h; sourceTree = "<group>"; };
		8F860783219D67AB00281AB7 /* MWZUISearchBar.m */ = {isa = PBXFileReference; fileEncoding = 4; lastKnownFileType = sourcecode.c.objc; path = MWZUISearchBar.m; sourceTree = "<group>"; };
		8F860784219D67AB00281AB7 /* MWZUISearchBarDelegate.h */ = {isa = PBXFileReference; fileEncoding = 4; lastKnownFileType = sourcecode.c.h; path = MWZUISearchBarDelegate.h; sourceTree = "<group>"; };
		8F860786219D67AB00281AB7 /* MWZUICompass.h */ = {isa = PBXFileReference; fileEncoding = 4; lastKnownFileType = sourcecode.c.h; path = MWZUICompass.h; sourceTree = "<group>"; };
		8F860787219D67AB00281AB7 /* MWZUICompassDelegate.h */ = {isa = PBXFileReference; fileEncoding = 4; lastKnownFileType = sourcecode.c.h; path = MWZUICompassDelegate.h; sourceTree = "<group>"; };
		8F860788219D67AB00281AB7 /* MWZUICompass.m */ = {isa = PBXFileReference; fileEncoding = 4; lastKnownFileType = sourcecode.c.objc; path = MWZUICompass.m; sourceTree = "<group>"; };
		8F86078A219D67AB00281AB7 /* MWZUIBottomInfoView.m */ = {isa = PBXFileReference; fileEncoding = 4; lastKnownFileType = sourcecode.c.objc; path = MWZUIBottomInfoView.m; sourceTree = "<group>"; };
		8F86078B219D67AB00281AB7 /* MWZUIBottomInfoView.h */ = {isa = PBXFileReference; fileEncoding = 4; lastKnownFileType = sourcecode.c.h; path = MWZUIBottomInfoView.h; sourceTree = "<group>"; };
		8F86078C219D67AB00281AB7 /* MWZUIBottomInfoViewDelegate.h */ = {isa = PBXFileReference; fileEncoding = 4; lastKnownFileType = sourcecode.c.h; path = MWZUIBottomInfoViewDelegate.h; sourceTree = "<group>"; };
		8F86078E219D67AB00281AB7 /* MWZMapwizeView.h */ = {isa = PBXFileReference; fileEncoding = 4; lastKnownFileType = sourcecode.c.h; path = MWZMapwizeView.h; sourceTree = "<group>"; };
		8F86078F219D67AB00281AB7 /* MWZMapwizeViewDelegate.h */ = {isa = PBXFileReference; fileEncoding = 4; lastKnownFileType = sourcecode.c.h; path = MWZMapwizeViewDelegate.h; sourceTree = "<group>"; };
		8F860790219D67AB00281AB7 /* MWZMapwizeView.m */ = {isa = PBXFileReference; fileEncoding = 4; lastKnownFileType = sourcecode.c.objc; path = MWZMapwizeView.m; sourceTree = "<group>"; };
		8F860792219D67AB00281AB7 /* MWZUIIconTextButton.m */ = {isa = PBXFileReference; fileEncoding = 4; lastKnownFileType = sourcecode.c.objc; path = MWZUIIconTextButton.m; sourceTree = "<group>"; };
		8F860793219D67AB00281AB7 /* MWZUIBorderedTextField.h */ = {isa = PBXFileReference; fileEncoding = 4; lastKnownFileType = sourcecode.c.h; path = MWZUIBorderedTextField.h; sourceTree = "<group>"; };
		8F860794219D67AB00281AB7 /* MWZUICurrentLocationView.h */ = {isa = PBXFileReference; fileEncoding = 4; lastKnownFileType = sourcecode.c.h; path = MWZUICurrentLocationView.h; sourceTree = "<group>"; };
		8F860795219D67AB00281AB7 /* MWZUILoadingBar.h */ = {isa = PBXFileReference; fileEncoding = 4; lastKnownFileType = sourcecode.c.h; path = MWZUILoadingBar.h; sourceTree = "<group>"; };
		8F860796219D67AB00281AB7 /* MWZUIIconTextButton.h */ = {isa = PBXFileReference; fileEncoding = 4; lastKnownFileType = sourcecode.c.h; path = MWZUIIconTextButton.h; sourceTree = "<group>"; };
		8F860797219D67AB00281AB7 /* MWZUIBorderedTextField.m */ = {isa = PBXFileReference; fileEncoding = 4; lastKnownFileType = sourcecode.c.objc; path = MWZUIBorderedTextField.m; sourceTree = "<group>"; };
		8F860798219D67AB00281AB7 /* MWZUILoadingBar.m */ = {isa = PBXFileReference; fileEncoding = 4; lastKnownFileType = sourcecode.c.objc; path = MWZUILoadingBar.m; sourceTree = "<group>"; };
		8F860799219D67AB00281AB7 /* MWZUICurrentLocationView.m */ = {isa = PBXFileReference; fileEncoding = 4; lastKnownFileType = sourcecode.c.objc; path = MWZUICurrentLocationView.m; sourceTree = "<group>"; };
		8F86079B219D67AB00281AB7 /* MWZSearchData.m */ = {isa = PBXFileReference; fileEncoding = 4; lastKnownFileType = sourcecode.c.objc; path = MWZSearchData.m; sourceTree = "<group>"; };
		8F86079C219D67AB00281AB7 /* ILIndoorLocation+DirectionPoint.m */ = {isa = PBXFileReference; fileEncoding = 4; lastKnownFileType = sourcecode.c.objc; path = "ILIndoorLocation+DirectionPoint.m"; sourceTree = "<group>"; };
		8F86079D219D67AB00281AB7 /* MWZSearchData.h */ = {isa = PBXFileReference; fileEncoding = 4; lastKnownFileType = sourcecode.c.h; path = MWZSearchData.h; sourceTree = "<group>"; };
		8F86079E219D67AB00281AB7 /* ILIndoorLocation+DirectionPoint.h */ = {isa = PBXFileReference; fileEncoding = 4; lastKnownFileType = sourcecode.c.h; path = "ILIndoorLocation+DirectionPoint.h"; sourceTree = "<group>"; };
		8F8607A0219D67AB00281AB7 /* MWZUIDirectionInfo.h */ = {isa = PBXFileReference; fileEncoding = 4; lastKnownFileType = sourcecode.c.h; path = MWZUIDirectionInfo.h; sourceTree = "<group>"; };
		8F8607A1219D67AB00281AB7 /* MWZUIDirectionBar.h */ = {isa = PBXFileReference; fileEncoding = 4; lastKnownFileType = sourcecode.c.h; path = MWZUIDirectionBar.h; sourceTree = "<group>"; };
		8F8607A2219D67AB00281AB7 /* MWZUIDirectionBarDelegate.h */ = {isa = PBXFileReference; fileEncoding = 4; lastKnownFileType = sourcecode.c.h; path = MWZUIDirectionBarDelegate.h; sourceTree = "<group>"; };
		8F8607A3219D67AB00281AB7 /* MWZUIDirectionBar.m */ = {isa = PBXFileReference; fileEncoding = 4; lastKnownFileType = sourcecode.c.objc; path = MWZUIDirectionBar.m; sourceTree = "<group>"; };
		8F8607A4219D67AB00281AB7 /* MWZUIDirectionInfo.m */ = {isa = PBXFileReference; fileEncoding = 4; lastKnownFileType = sourcecode.c.objc; path = MWZUIDirectionInfo.m; sourceTree = "<group>"; };
		8F8607A6219D67AB00281AB7 /* MWZUIUniversesButton.m */ = {isa = PBXFileReference; fileEncoding = 4; lastKnownFileType = sourcecode.c.objc; path = MWZUIUniversesButton.m; sourceTree = "<group>"; };
		8F8607A7219D67AB00281AB7 /* MWZUIUniversesButtonDelegate.h */ = {isa = PBXFileReference; fileEncoding = 4; lastKnownFileType = sourcecode.c.h; path = MWZUIUniversesButtonDelegate.h; sourceTree = "<group>"; };
		8F8607A8219D67AB00281AB7 /* MWZUIUniversesButton.h */ = {isa = PBXFileReference; fileEncoding = 4; lastKnownFileType = sourcecode.c.h; path = MWZUIUniversesButton.h; sourceTree = "<group>"; };
		8F8607AA219D67AB00281AB7 /* MWZUIFollowUserButtonDelegate.h */ = {isa = PBXFileReference; fileEncoding = 4; lastKnownFileType = sourcecode.c.h; path = MWZUIFollowUserButtonDelegate.h; sourceTree = "<group>"; };
		8F8607AB219D67AB00281AB7 /* MWZUIFollowUserButton.h */ = {isa = PBXFileReference; fileEncoding = 4; lastKnownFileType = sourcecode.c.h; path = MWZUIFollowUserButton.h; sourceTree = "<group>"; };
		8F8607AC219D67AB00281AB7 /* MWZUIFollowUserButton.m */ = {isa = PBXFileReference; fileEncoding = 4; lastKnownFileType = sourcecode.c.objc; path = MWZUIFollowUserButton.m; sourceTree = "<group>"; };
		8F8607B0219D67AB00281AB7 /* MWZUIGroupedResultList.h */ = {isa = PBXFileReference; fileEncoding = 4; lastKnownFileType = sourcecode.c.h; path = MWZUIGroupedResultList.h; sourceTree = "<group>"; };
		8F8607B1219D67AB00281AB7 /* MWZUITitleCell.h */ = {isa = PBXFileReference; fileEncoding = 4; lastKnownFileType = sourcecode.c.h; path = MWZUITitleCell.h; sourceTree = "<group>"; };
		8F8607B2219D67AB00281AB7 /* MWZUIResultListDelegate.h */ = {isa = PBXFileReference; fileEncoding = 4; lastKnownFileType = sourcecode.c.h; path = MWZUIResultListDelegate.h; sourceTree = "<group>"; };
		8F8607B3219D67AB00281AB7 /* MWZUISubtitleCell.m */ = {isa = PBXFileReference; fileEncoding = 4; lastKnownFileType = sourcecode.c.objc; path = MWZUISubtitleCell.m; sourceTree = "<group>"; };
		8F8607B4219D67AB00281AB7 /* MWZUIResultList.h */ = {isa = PBXFileReference; fileEncoding = 4; lastKnownFileType = sourcecode.c.h; path = MWZUIResultList.h; sourceTree = "<group>"; };
		8F8607B5219D67AB00281AB7 /* MWZUIGroupedResultListDelegate.h */ = {isa = PBXFileReference; fileEncoding = 4; lastKnownFileType = sourcecode.c.h; path = MWZUIGroupedResultListDelegate.h; sourceTree = "<group>"; };
		8F8607B6219D67AB00281AB7 /* MWZUIGroupedResultList.m */ = {isa = PBXFileReference; fileEncoding = 4; lastKnownFileType = sourcecode.c.objc; path = MWZUIGroupedResultList.m; sourceTree = "<group>"; };
		8F8607B7219D67AB00281AB7 /* MWZUITitleCell.m */ = {isa = PBXFileReference; fileEncoding = 4; lastKnownFileType = sourcecode.c.objc; path = MWZUITitleCell.m; sourceTree = "<group>"; };
		8F8607B8219D67AB00281AB7 /* MWZUIResultList.m */ = {isa = PBXFileReference; fileEncoding = 4; lastKnownFileType = sourcecode.c.objc; path = MWZUIResultList.m; sourceTree = "<group>"; };
		8F8607B9219D67AB00281AB7 /* MWZUISubtitleCell.h */ = {isa = PBXFileReference; fileEncoding = 4; lastKnownFileType = sourcecode.c.h; path = MWZUISubtitleCell.h; sourceTree = "<group>"; };
		8F8607BB219D67AB00281AB7 /* MWZUIFloorController.h */ = {isa = PBXFileReference; fileEncoding = 4; lastKnownFileType = sourcecode.c.h; path = MWZUIFloorController.h; sourceTree = "<group>"; };
		8F8607BC219D67AB00281AB7 /* MWZUIFloorView.h */ = {isa = PBXFileReference; fileEncoding = 4; lastKnownFileType = sourcecode.c.h; path = MWZUIFloorView.h; sourceTree = "<group>"; };
		8F8607BD219D67AB00281AB7 /* MWZUIFloorController.m */ = {isa = PBXFileReference; fileEncoding = 4; lastKnownFileType = sourcecode.c.objc; path = MWZUIFloorController.m; sourceTree = "<group>"; };
		8F8607BE219D67AB00281AB7 /* MWZUIFloorView.m */ = {isa = PBXFileReference; fileEncoding = 4; lastKnownFileType = sourcecode.c.objc; path = MWZUIFloorView.m; sourceTree = "<group>"; };
		8F8607FF219D976200281AB7 /* en */ = {isa = PBXFileReference; lastKnownFileType = text.plist.strings; name = en; path = en.lproj/Localizable.strings; sourceTree = "<group>"; };
		8F860808219D9CAA00281AB7 /* MWZUILanguagesButton.h */ = {isa = PBXFileReference; lastKnownFileType = sourcecode.c.h; path = MWZUILanguagesButton.h; sourceTree = "<group>"; };
		8F860809219D9CAA00281AB7 /* MWZUILanguagesButton.m */ = {isa = PBXFileReference; lastKnownFileType = sourcecode.c.objc; path = MWZUILanguagesButton.m; sourceTree = "<group>"; };
		8F86080C219D9CBF00281AB7 /* MWZUILanguagesButtonDelegate.h */ = {isa = PBXFileReference; lastKnownFileType = sourcecode.c.h; path = MWZUILanguagesButtonDelegate.h; sourceTree = "<group>"; };
		8F86080E219DA7A600281AB7 /* mwzimages.xcassets */ = {isa = PBXFileReference; lastKnownFileType = folder.assetcatalog; path = mwzimages.xcassets; sourceTree = "<group>"; };
		8F860810219DAE0800281AB7 /* MWZMapwizeViewUISettings.h */ = {isa = PBXFileReference; lastKnownFileType = sourcecode.c.h; path = MWZMapwizeViewUISettings.h; sourceTree = "<group>"; };
		8F860811219DAE0800281AB7 /* MWZMapwizeViewUISettings.m */ = {isa = PBXFileReference; lastKnownFileType = sourcecode.c.objc; path = MWZMapwizeViewUISettings.m; sourceTree = "<group>"; };
		8F860815219DC5F200281AB7 /* MWZUIColors.h */ = {isa = PBXFileReference; lastKnownFileType = sourcecode.c.h; path = MWZUIColors.h; sourceTree = "<group>"; };
		8F860816219DC5F200281AB7 /* MWZUIColors.m */ = {isa = PBXFileReference; lastKnownFileType = sourcecode.c.objc; path = MWZUIColors.m; sourceTree = "<group>"; };
		8F8640D2222831130043E9E5 /* MWZUITitleWithoutFloorCellTableViewCell.m */ = {isa = PBXFileReference; fileEncoding = 4; lastKnownFileType = sourcecode.c.objc; path = MWZUITitleWithoutFloorCellTableViewCell.m; sourceTree = "<group>"; };
		8F8640D3222831140043E9E5 /* MWZUITitleWithoutFloorCellTableViewCell.h */ = {isa = PBXFileReference; fileEncoding = 4; lastKnownFileType = sourcecode.c.h; path = MWZUITitleWithoutFloorCellTableViewCell.h; sourceTree = "<group>"; };
		8F87E079238FC95A00B18EB1 /* MWZDefaultSceneProperties.h */ = {isa = PBXFileReference; lastKnownFileType = sourcecode.c.h; path = MWZDefaultSceneProperties.h; sourceTree = "<group>"; };
		8F87E07A238FC95A00B18EB1 /* MWZDefaultSceneProperties.m */ = {isa = PBXFileReference; lastKnownFileType = sourcecode.c.objc; path = MWZDefaultSceneProperties.m; sourceTree = "<group>"; };
		8F87E07D23951A7F00B18EB1 /* MWZDirectionModeSegment.h */ = {isa = PBXFileReference; lastKnownFileType = sourcecode.c.h; path = MWZDirectionModeSegment.h; sourceTree = "<group>"; };
		8F87E07E23951A7F00B18EB1 /* MWZDirectionModeSegment.m */ = {isa = PBXFileReference; lastKnownFileType = sourcecode.c.objc; path = MWZDirectionModeSegment.m; sourceTree = "<group>"; };
		8F87E0812395416400B18EB1 /* MWZDirectionMode.h */ = {isa = PBXFileReference; lastKnownFileType = sourcecode.c.h; path = MWZDirectionMode.h; sourceTree = "<group>"; };
		8F87E0822395416400B18EB1 /* MWZDirectionMode.m */ = {isa = PBXFileReference; lastKnownFileType = sourcecode.c.objc; path = MWZDirectionMode.m; sourceTree = "<group>"; };
		8F87E085239555D800B18EB1 /* MWZDirectionModeSegmentDelegate.h */ = {isa = PBXFileReference; lastKnownFileType = sourcecode.c.h; path = MWZDirectionModeSegmentDelegate.h; sourceTree = "<group>"; };
		8F8B14A8237AA67300E03BCE /* MWZDirectionScene.h */ = {isa = PBXFileReference; lastKnownFileType = sourcecode.c.h; path = MWZDirectionScene.h; sourceTree = "<group>"; };
		8F8B14A9237AA67300E03BCE /* MWZDirectionScene.m */ = {isa = PBXFileReference; lastKnownFileType = sourcecode.c.objc; path = MWZDirectionScene.m; sourceTree = "<group>"; };
		8F8B14AC237AA6A400E03BCE /* MWZDirectionSceneDelegate.h */ = {isa = PBXFileReference; lastKnownFileType = sourcecode.c.h; path = MWZDirectionSceneDelegate.h; sourceTree = "<group>"; };
		8F8B14AE237AA87C00E03BCE /* MWZDirectionHeader.h */ = {isa = PBXFileReference; lastKnownFileType = sourcecode.c.h; path = MWZDirectionHeader.h; sourceTree = "<group>"; };
		8F8B14AF237AA87C00E03BCE /* MWZDirectionHeader.m */ = {isa = PBXFileReference; lastKnownFileType = sourcecode.c.objc; path = MWZDirectionHeader.m; sourceTree = "<group>"; };
		8F8B14B2237AB80200E03BCE /* MWZDirectionHeaderDelegate.h */ = {isa = PBXFileReference; lastKnownFileType = sourcecode.c.h; path = MWZDirectionHeaderDelegate.h; sourceTree = "<group>"; };
		8F8B14B4237ABC0900E03BCE /* MWZPaddingLabel.h */ = {isa = PBXFileReference; lastKnownFileType = sourcecode.c.h; path = MWZPaddingLabel.h; sourceTree = "<group>"; };
		8F8B14B5237ABC0900E03BCE /* MWZPaddingLabel.m */ = {isa = PBXFileReference; lastKnownFileType = sourcecode.c.objc; path = MWZPaddingLabel.m; sourceTree = "<group>"; };
		8FA9B35923688294003A870A /* MWZSearchViewControllerOptions.h */ = {isa = PBXFileReference; lastKnownFileType = sourcecode.c.h; path = MWZSearchViewControllerOptions.h; sourceTree = "<group>"; };
		8FA9B35A23688294003A870A /* MWZSearchViewControllerOptions.m */ = {isa = PBXFileReference; lastKnownFileType = sourcecode.c.objc; path = MWZSearchViewControllerOptions.m; sourceTree = "<group>"; };
		8FA9B35D236982A3003A870A /* MWZUIConstants.h */ = {isa = PBXFileReference; lastKnownFileType = sourcecode.c.h; path = MWZUIConstants.h; sourceTree = "<group>"; };
		8FA9B35E236982A3003A870A /* MWZUIConstants.m */ = {isa = PBXFileReference; lastKnownFileType = sourcecode.c.objc; path = MWZUIConstants.m; sourceTree = "<group>"; };
		8FA9B3662369CBE2003A870A /* MWZSearchScene.h */ = {isa = PBXFileReference; lastKnownFileType = sourcecode.c.h; path = MWZSearchScene.h; sourceTree = "<group>"; };
		8FA9B3672369CBE2003A870A /* MWZSearchScene.m */ = {isa = PBXFileReference; lastKnownFileType = sourcecode.c.objc; path = MWZSearchScene.m; sourceTree = "<group>"; };
		8FD2D5942369DDD700F77DB2 /* MWZDefaultSceneDelegate.h */ = {isa = PBXFileReference; lastKnownFileType = sourcecode.c.h; path = MWZDefaultSceneDelegate.h; sourceTree = "<group>"; };
		8FD2D596236AD28400F77DB2 /* MWZSceneCoordinator.h */ = {isa = PBXFileReference; lastKnownFileType = sourcecode.c.h; path = MWZSceneCoordinator.h; sourceTree = "<group>"; };
		8FD2D597236AD28400F77DB2 /* MWZSceneCoordinator.m */ = {isa = PBXFileReference; lastKnownFileType = sourcecode.c.objc; path = MWZSceneCoordinator.m; sourceTree = "<group>"; };
		8FD2D59A236AD37200F77DB2 /* MWZScene.h */ = {isa = PBXFileReference; lastKnownFileType = sourcecode.c.h; path = MWZScene.h; sourceTree = "<group>"; };
		8FDEC05C23684005005D12B1 /* MWZSearchQueryBar.h */ = {isa = PBXFileReference; lastKnownFileType = sourcecode.c.h; path = MWZSearchQueryBar.h; sourceTree = "<group>"; };
		8FDEC05D23684005005D12B1 /* MWZSearchQueryBar.m */ = {isa = PBXFileReference; lastKnownFileType = sourcecode.c.objc; path = MWZSearchQueryBar.m; sourceTree = "<group>"; };
		8FDEC06123684703005D12B1 /* MWZMapViewController.h */ = {isa = PBXFileReference; lastKnownFileType = sourcecode.c.h; path = MWZMapViewController.h; sourceTree = "<group>"; };
		8FDEC06223684703005D12B1 /* MWZMapViewController.m */ = {isa = PBXFileReference; lastKnownFileType = sourcecode.c.objc; path = MWZMapViewController.m; sourceTree = "<group>"; };
		8FDEC06A2368755E005D12B1 /* MWZSearchQueryBarDelegate.h */ = {isa = PBXFileReference; lastKnownFileType = sourcecode.c.h; path = MWZSearchQueryBarDelegate.h; sourceTree = "<group>"; };
		8FDEC06C23687C3F005D12B1 /* MWZMapViewMenuBar.h */ = {isa = PBXFileReference; lastKnownFileType = sourcecode.c.h; path = MWZMapViewMenuBar.h; sourceTree = "<group>"; };
		8FDEC06D23687C3F005D12B1 /* MWZMapViewMenuBar.m */ = {isa = PBXFileReference; lastKnownFileType = sourcecode.c.objc; path = MWZMapViewMenuBar.m; sourceTree = "<group>"; };
		8FDEC07023687D50005D12B1 /* MWZMapViewMenuBarDelegate.h */ = {isa = PBXFileReference; lastKnownFileType = sourcecode.c.h; path = MWZMapViewMenuBarDelegate.h; sourceTree = "<group>"; };
		A087F06AEC97B04A58BB7884 /* Pods_MapwizeUI.framework */ = {isa = PBXFileReference; explicitFileType = wrapper.framework; includeInIndex = 0; path = Pods_MapwizeUI.framework; sourceTree = BUILT_PRODUCTS_DIR; };
		C6B8D5702226785400A3AD82 /* MWZUIOptions.m */ = {isa = PBXFileReference; lastKnownFileType = sourcecode.c.objc; path = MWZUIOptions.m; sourceTree = "<group>"; };
		C6B8D5722226786E00A3AD82 /* MWZUIOptions.h */ = {isa = PBXFileReference; fileEncoding = 4; lastKnownFileType = sourcecode.c.h; path = MWZUIOptions.h; sourceTree = "<group>"; };
/* End PBXFileReference section */

/* Begin PBXFrameworksBuildPhase section */
		8F860773219D66A100281AB7 /* Frameworks */ = {
			isa = PBXFrameworksBuildPhase;
			buildActionMask = 2147483647;
			files = (
				6AE2F1AECD1A17FB83C5E2AE /* Pods_MapwizeUI.framework in Frameworks */,
			);
			runOnlyForDeploymentPostprocessing = 0;
		};
/* End PBXFrameworksBuildPhase section */

/* Begin PBXGroup section */
		3DDEF9C4BCA99525D84B616F /* Pods */ = {
			isa = PBXGroup;
			children = (
				41A462D5A11F5E34086522F1 /* Pods-MapwizeUI.debug.xcconfig */,
				2D0DF2659609D033DF11BC8B /* Pods-MapwizeUI.release.xcconfig */,
			);
			name = Pods;
			sourceTree = "<group>";
		};
		498A85EA37C66E098EB29FF8 /* Frameworks */ = {
			isa = PBXGroup;
			children = (
				A087F06AEC97B04A58BB7884 /* Pods_MapwizeUI.framework */,
			);
			name = Frameworks;
			sourceTree = "<group>";
		};
		8F1B2A5D2369DBA80001CEA1 /* DefaultScene */ = {
			isa = PBXGroup;
			children = (
				8F1B2A5E2369DBCA0001CEA1 /* MWZDefaultScene.h */,
				8F1B2A5F2369DBCA0001CEA1 /* MWZDefaultScene.m */,
				8FD2D5942369DDD700F77DB2 /* MWZDefaultSceneDelegate.h */,
				8FDEC06C23687C3F005D12B1 /* MWZMapViewMenuBar.h */,
				8FDEC06D23687C3F005D12B1 /* MWZMapViewMenuBar.m */,
				8FDEC07023687D50005D12B1 /* MWZMapViewMenuBarDelegate.h */,
				8F87E079238FC95A00B18EB1 /* MWZDefaultSceneProperties.h */,
				8F87E07A238FC95A00B18EB1 /* MWZDefaultSceneProperties.m */,
			);
			path = DefaultScene;
			sourceTree = "<group>";
		};
		8F86076C219D66A100281AB7 = {
			isa = PBXGroup;
			children = (
				8F860778219D66A100281AB7 /* MapwizeUI */,
				8F860777219D66A100281AB7 /* Products */,
				498A85EA37C66E098EB29FF8 /* Frameworks */,
				3DDEF9C4BCA99525D84B616F /* Pods */,
			);
			sourceTree = "<group>";
		};
		8F860777219D66A100281AB7 /* Products */ = {
			isa = PBXGroup;
			children = (
				8F860776219D66A100281AB7 /* MapwizeUI.framework */,
			);
			name = Products;
			sourceTree = "<group>";
		};
		8F860778219D66A100281AB7 /* MapwizeUI */ = {
			isa = PBXGroup;
			children = (
				8FDEC060236846F2005D12B1 /* MapViewController */,
				8FD2D595236AD26F00F77DB2 /* Scenes */,
				8F86078D219D67AB00281AB7 /* MapwizeView */,
				8F860789219D67AB00281AB7 /* BottomInfoView */,
				8F860781219D67AB00281AB7 /* SearchModule */,
				8F86079F219D67AB00281AB7 /* DirectionModule */,
				8F8607AF219D67AB00281AB7 /* ResultList */,
				8F860785219D67AB00281AB7 /* CompassView */,
				8F8607BA219D67AB00281AB7 /* FloorController */,
				8F8607A9219D67AB00281AB7 /* FollowUserButton */,
				8F860807219D9C8700281AB7 /* LanguageButton */,
				8F8607A5219D67AB00281AB7 /* UniverseButton */,
				8F860791219D67AB00281AB7 /* Commons */,
				8F86079A219D67AB00281AB7 /* Utils */,
				8F8607AD219D67AB00281AB7 /* Resources */,
				8F860779219D66A100281AB7 /* MapwizeUI.h */,
				8F86077A219D66A100281AB7 /* Info.plist */,
			);
			path = MapwizeUI;
			sourceTree = "<group>";
		};
		8F860781219D67AB00281AB7 /* SearchModule */ = {
			isa = PBXGroup;
			children = (
				8F860782219D67AB00281AB7 /* MWZUISearchBar.h */,
				8F860783219D67AB00281AB7 /* MWZUISearchBar.m */,
				8F860784219D67AB00281AB7 /* MWZUISearchBarDelegate.h */,
			);
			path = SearchModule;
			sourceTree = "<group>";
		};
		8F860785219D67AB00281AB7 /* CompassView */ = {
			isa = PBXGroup;
			children = (
				8F860786219D67AB00281AB7 /* MWZUICompass.h */,
				8F860788219D67AB00281AB7 /* MWZUICompass.m */,
				8F860787219D67AB00281AB7 /* MWZUICompassDelegate.h */,
			);
			path = CompassView;
			sourceTree = "<group>";
		};
		8F860789219D67AB00281AB7 /* BottomInfoView */ = {
			isa = PBXGroup;
			children = (
				8F86078B219D67AB00281AB7 /* MWZUIBottomInfoView.h */,
				8F86078A219D67AB00281AB7 /* MWZUIBottomInfoView.m */,
				8F86078C219D67AB00281AB7 /* MWZUIBottomInfoViewDelegate.h */,
			);
			path = BottomInfoView;
			sourceTree = "<group>";
		};
		8F86078D219D67AB00281AB7 /* MapwizeView */ = {
			isa = PBXGroup;
			children = (
				8F86078E219D67AB00281AB7 /* MWZMapwizeView.h */,
				8F860790219D67AB00281AB7 /* MWZMapwizeView.m */,
				8F86078F219D67AB00281AB7 /* MWZMapwizeViewDelegate.h */,
				8F860810219DAE0800281AB7 /* MWZMapwizeViewUISettings.h */,
				8F860811219DAE0800281AB7 /* MWZMapwizeViewUISettings.m */,
				8F0C8DE623279DB3007B0A0C /* MWZUIRequireMapwizeInformationProtocol.h */,
			);
			path = MapwizeView;
			sourceTree = "<group>";
		};
		8F860791219D67AB00281AB7 /* Commons */ = {
			isa = PBXGroup;
			children = (
				8F860793219D67AB00281AB7 /* MWZUIBorderedTextField.h */,
				8F860797219D67AB00281AB7 /* MWZUIBorderedTextField.m */,
				8F860795219D67AB00281AB7 /* MWZUILoadingBar.h */,
				8F860798219D67AB00281AB7 /* MWZUILoadingBar.m */,
				8F860796219D67AB00281AB7 /* MWZUIIconTextButton.h */,
				8F860792219D67AB00281AB7 /* MWZUIIconTextButton.m */,
				8F860794219D67AB00281AB7 /* MWZUICurrentLocationView.h */,
				8F860799219D67AB00281AB7 /* MWZUICurrentLocationView.m */,
				8F8B14B4237ABC0900E03BCE /* MWZPaddingLabel.h */,
				8F8B14B5237ABC0900E03BCE /* MWZPaddingLabel.m */,
				8F74A7F12382DEE80036B830 /* MWZPaddingTextField.h */,
				8F74A7F22382DEE80036B830 /* MWZPaddingTextField.m */,
			);
			path = Commons;
			sourceTree = "<group>";
		};
		8F86079A219D67AB00281AB7 /* Utils */ = {
			isa = PBXGroup;
			children = (
				8FA9B35D236982A3003A870A /* MWZUIConstants.h */,
				8FA9B35E236982A3003A870A /* MWZUIConstants.m */,
				8F860815219DC5F200281AB7 /* MWZUIColors.h */,
				8F860816219DC5F200281AB7 /* MWZUIColors.m */,
				8F86079E219D67AB00281AB7 /* ILIndoorLocation+DirectionPoint.h */,
				8F86079C219D67AB00281AB7 /* ILIndoorLocation+DirectionPoint.m */,
				8F86079D219D67AB00281AB7 /* MWZSearchData.h */,
				8F86079B219D67AB00281AB7 /* MWZSearchData.m */,
				C6B8D5722226786E00A3AD82 /* MWZUIOptions.h */,
				C6B8D5702226785400A3AD82 /* MWZUIOptions.m */,
			);
			path = Utils;
			sourceTree = "<group>";
		};
		8F86079F219D67AB00281AB7 /* DirectionModule */ = {
			isa = PBXGroup;
			children = (
				8F8607A0219D67AB00281AB7 /* MWZUIDirectionInfo.h */,
				8F8607A4219D67AB00281AB7 /* MWZUIDirectionInfo.m */,
				8F8607A1219D67AB00281AB7 /* MWZUIDirectionBar.h */,
				8F8607A3219D67AB00281AB7 /* MWZUIDirectionBar.m */,
				8F8607A2219D67AB00281AB7 /* MWZUIDirectionBarDelegate.h */,
			);
			path = DirectionModule;
			sourceTree = "<group>";
		};
		8F8607A5219D67AB00281AB7 /* UniverseButton */ = {
			isa = PBXGroup;
			children = (
				8F8607A8219D67AB00281AB7 /* MWZUIUniversesButton.h */,
				8F8607A6219D67AB00281AB7 /* MWZUIUniversesButton.m */,
				8F8607A7219D67AB00281AB7 /* MWZUIUniversesButtonDelegate.h */,
			);
			path = UniverseButton;
			sourceTree = "<group>";
		};
		8F8607A9219D67AB00281AB7 /* FollowUserButton */ = {
			isa = PBXGroup;
			children = (
				8F8607AB219D67AB00281AB7 /* MWZUIFollowUserButton.h */,
				8F8607AC219D67AB00281AB7 /* MWZUIFollowUserButton.m */,
				8F8607AA219D67AB00281AB7 /* MWZUIFollowUserButtonDelegate.h */,
			);
			path = FollowUserButton;
			sourceTree = "<group>";
		};
		8F8607AD219D67AB00281AB7 /* Resources */ = {
			isa = PBXGroup;
			children = (
				8F86080E219DA7A600281AB7 /* mwzimages.xcassets */,
				8F860800219D976200281AB7 /* Localizable.strings */,
			);
			path = Resources;
			sourceTree = "<group>";
		};
		8F8607AF219D67AB00281AB7 /* ResultList */ = {
			isa = PBXGroup;
			children = (
				8F8640D3222831140043E9E5 /* MWZUITitleWithoutFloorCellTableViewCell.h */,
				8F8640D2222831130043E9E5 /* MWZUITitleWithoutFloorCellTableViewCell.m */,
				8F8607B4219D67AB00281AB7 /* MWZUIResultList.h */,
				8F8607B8219D67AB00281AB7 /* MWZUIResultList.m */,
				8F8607B2219D67AB00281AB7 /* MWZUIResultListDelegate.h */,
				8F8607B0219D67AB00281AB7 /* MWZUIGroupedResultList.h */,
				8F8607B6219D67AB00281AB7 /* MWZUIGroupedResultList.m */,
				8F8607B5219D67AB00281AB7 /* MWZUIGroupedResultListDelegate.h */,
				8F8607B1219D67AB00281AB7 /* MWZUITitleCell.h */,
				8F8607B7219D67AB00281AB7 /* MWZUITitleCell.m */,
				8F8607B9219D67AB00281AB7 /* MWZUISubtitleCell.h */,
				8F8607B3219D67AB00281AB7 /* MWZUISubtitleCell.m */,
			);
			path = ResultList;
			sourceTree = "<group>";
		};
		8F8607BA219D67AB00281AB7 /* FloorController */ = {
			isa = PBXGroup;
			children = (
				8F8607BB219D67AB00281AB7 /* MWZUIFloorController.h */,
				8F8607BD219D67AB00281AB7 /* MWZUIFloorController.m */,
				8F8607BC219D67AB00281AB7 /* MWZUIFloorView.h */,
				8F8607BE219D67AB00281AB7 /* MWZUIFloorView.m */,
				8F31F9E6232687DC00BB4956 /* MWZUIFloorControllerDelegate.h */,
			);
			path = FloorController;
			sourceTree = "<group>";
		};
		8F860807219D9C8700281AB7 /* LanguageButton */ = {
			isa = PBXGroup;
			children = (
				8F860808219D9CAA00281AB7 /* MWZUILanguagesButton.h */,
				8F860809219D9CAA00281AB7 /* MWZUILanguagesButton.m */,
				8F86080C219D9CBF00281AB7 /* MWZUILanguagesButtonDelegate.h */,
			);
			path = LanguageButton;
			sourceTree = "<group>";
		};
		8F8B14A7237AA5DF00E03BCE /* DirectionScene */ = {
			isa = PBXGroup;
			children = (
				8F8B14A8237AA67300E03BCE /* MWZDirectionScene.h */,
				8F8B14A9237AA67300E03BCE /* MWZDirectionScene.m */,
				8F8B14AC237AA6A400E03BCE /* MWZDirectionSceneDelegate.h */,
				8F8B14AE237AA87C00E03BCE /* MWZDirectionHeader.h */,
				8F8B14AF237AA87C00E03BCE /* MWZDirectionHeader.m */,
				8F8B14B2237AB80200E03BCE /* MWZDirectionHeaderDelegate.h */,
				8F87E07D23951A7F00B18EB1 /* MWZDirectionModeSegment.h */,
				8F87E07E23951A7F00B18EB1 /* MWZDirectionModeSegment.m */,
				8F87E0812395416400B18EB1 /* MWZDirectionMode.h */,
				8F87E0822395416400B18EB1 /* MWZDirectionMode.m */,
				8F87E085239555D800B18EB1 /* MWZDirectionModeSegmentDelegate.h */,
			);
			path = DirectionScene;
			sourceTree = "<group>";
		};
		8FD2D595236AD26F00F77DB2 /* Scenes */ = {
			isa = PBXGroup;
			children = (
				8FD2D59A236AD37200F77DB2 /* MWZScene.h */,
				8FD2D596236AD28400F77DB2 /* MWZSceneCoordinator.h */,
				8FD2D597236AD28400F77DB2 /* MWZSceneCoordinator.m */,
				8F1B2A5D2369DBA80001CEA1 /* DefaultScene */,
				8F8B14A7237AA5DF00E03BCE /* DirectionScene */,
				8FDEC057236836DA005D12B1 /* SearchScene */,
			);
			path = Scenes;
			sourceTree = "<group>";
		};
		8FDEC057236836DA005D12B1 /* SearchScene */ = {
			isa = PBXGroup;
			children = (
				8FA9B3662369CBE2003A870A /* MWZSearchScene.h */,
				8FA9B3672369CBE2003A870A /* MWZSearchScene.m */,
				8F5C890C2369D3790043573C /* MWZSearchSceneDelegate.h */,
				8FDEC05C23684005005D12B1 /* MWZSearchQueryBar.h */,
				8FDEC05D23684005005D12B1 /* MWZSearchQueryBar.m */,
				8FDEC06A2368755E005D12B1 /* MWZSearchQueryBarDelegate.h */,
				8FA9B35923688294003A870A /* MWZSearchViewControllerOptions.h */,
				8FA9B35A23688294003A870A /* MWZSearchViewControllerOptions.m */,
			);
			path = SearchScene;
			sourceTree = "<group>";
		};
		8FDEC060236846F2005D12B1 /* MapViewController */ = {
			isa = PBXGroup;
			children = (
				8FDEC06123684703005D12B1 /* MWZMapViewController.h */,
				8FDEC06223684703005D12B1 /* MWZMapViewController.m */,
				8F05E8CF23980338007A7C73 /* MWZMapViewControllerDelegate.h */,
			);
			path = MapViewController;
			sourceTree = "<group>";
		};
/* End PBXGroup section */

/* Begin PBXHeadersBuildPhase section */
		8F860771219D66A100281AB7 /* Headers */ = {
			isa = PBXHeadersBuildPhase;
			buildActionMask = 2147483647;
			files = (
				8F8B14B0237AA87C00E03BCE /* MWZDirectionHeader.h in Headers */,
				8F860812219DAE0800281AB7 /* MWZMapwizeViewUISettings.h in Headers */,
				8F05E8D023980338007A7C73 /* MWZMapViewControllerDelegate.h in Headers */,
				8F1B2A602369DBCA0001CEA1 /* MWZDefaultScene.h in Headers */,
				8F8B14B3237AB80200E03BCE /* MWZDirectionHeaderDelegate.h in Headers */,
				8F8640D5222831140043E9E5 /* MWZUITitleWithoutFloorCellTableViewCell.h in Headers */,
				8F74A7F32382DEE80036B830 /* MWZPaddingTextField.h in Headers */,
				8F8607E7219D67AB00281AB7 /* MWZUIResultList.h in Headers */,
				8F8607DE219D67AB00281AB7 /* MWZUIUniversesButton.h in Headers */,
				8FDEC06E23687C3F005D12B1 /* MWZMapViewMenuBar.h in Headers */,
				8F5C890D2369D3790043573C /* MWZSearchSceneDelegate.h in Headers */,
				8F8607CC219D67AB00281AB7 /* MWZUIBorderedTextField.h in Headers */,
				C6B8D573222679EC00A3AD82 /* MWZUIOptions.h in Headers */,
				8F8607E3219D67AB00281AB7 /* MWZUIGroupedResultList.h in Headers */,
				8F8607D5219D67AB00281AB7 /* MWZSearchData.h in Headers */,
				8F87E07F23951A7F00B18EB1 /* MWZDirectionModeSegment.h in Headers */,
				8F86080D219D9CBF00281AB7 /* MWZUILanguagesButtonDelegate.h in Headers */,
				8FD2D598236AD28400F77DB2 /* MWZSceneCoordinator.h in Headers */,
				8F8607C6219D67AB00281AB7 /* MWZUIBottomInfoView.h in Headers */,
				8F8607C7219D67AB00281AB7 /* MWZUIBottomInfoViewDelegate.h in Headers */,
				8F8607EC219D67AB00281AB7 /* MWZUISubtitleCell.h in Headers */,
				8F8607C1219D67AB00281AB7 /* MWZUISearchBarDelegate.h in Headers */,
				8F8B14B6237ABC0900E03BCE /* MWZPaddingLabel.h in Headers */,
				8F87E07B238FC95A00B18EB1 /* MWZDefaultSceneProperties.h in Headers */,
				8FDEC06B2368755E005D12B1 /* MWZSearchQueryBarDelegate.h in Headers */,
				8F8607CE219D67AB00281AB7 /* MWZUILoadingBar.h in Headers */,
				8FD2D59B236AD37200F77DB2 /* MWZScene.h in Headers */,
				8F8607D8219D67AB00281AB7 /* MWZUIDirectionBar.h in Headers */,
				8FDEC05E23684005005D12B1 /* MWZSearchQueryBar.h in Headers */,
				8F87E0832395416500B18EB1 /* MWZDirectionMode.h in Headers */,
				8F860817219DC5F200281AB7 /* MWZUIColors.h in Headers */,
				8F8607CD219D67AB00281AB7 /* MWZUICurrentLocationView.h in Headers */,
				8F8607D6219D67AB00281AB7 /* ILIndoorLocation+DirectionPoint.h in Headers */,
				8F8607D9219D67AB00281AB7 /* MWZUIDirectionBarDelegate.h in Headers */,
				8FA9B35B23688294003A870A /* MWZSearchViewControllerOptions.h in Headers */,
				8F8607C3219D67AB00281AB7 /* MWZUICompassDelegate.h in Headers */,
				8F31F9E7232687DC00BB4956 /* MWZUIFloorControllerDelegate.h in Headers */,
				8F8607E4219D67AB00281AB7 /* MWZUITitleCell.h in Headers */,
				8F37AE1F234E216E00048291 /* MWZUIRequireMapwizeInformationProtocol.h in Headers */,
				8F8607E5219D67AB00281AB7 /* MWZUIResultListDelegate.h in Headers */,
				8F8607CF219D67AB00281AB7 /* MWZUIIconTextButton.h in Headers */,
				8F8607C2219D67AB00281AB7 /* MWZUICompass.h in Headers */,
				8F8607E0219D67AB00281AB7 /* MWZUIFollowUserButton.h in Headers */,
				8F8607EE219D67AB00281AB7 /* MWZUIFloorView.h in Headers */,
				8F8607DF219D67AB00281AB7 /* MWZUIFollowUserButtonDelegate.h in Headers */,
				8F8B14AD237AA6A400E03BCE /* MWZDirectionSceneDelegate.h in Headers */,
				8F8B14AA237AA67300E03BCE /* MWZDirectionScene.h in Headers */,
				8FDEC06323684703005D12B1 /* MWZMapViewController.h in Headers */,
				8F8607E8219D67AB00281AB7 /* MWZUIGroupedResultListDelegate.h in Headers */,
				8F8607DD219D67AB00281AB7 /* MWZUIUniversesButtonDelegate.h in Headers */,
				8F8607BF219D67AB00281AB7 /* MWZUISearchBar.h in Headers */,
				8F8607ED219D67AB00281AB7 /* MWZUIFloorController.h in Headers */,
				8F87E086239555D800B18EB1 /* MWZDirectionModeSegmentDelegate.h in Headers */,
				8FA9B3682369CBE2003A870A /* MWZSearchScene.h in Headers */,
				8F8607D7219D67AB00281AB7 /* MWZUIDirectionInfo.h in Headers */,
				8FA9B35F236982A3003A870A /* MWZUIConstants.h in Headers */,
				8F86080A219D9CAA00281AB7 /* MWZUILanguagesButton.h in Headers */,
				8F86077B219D66A100281AB7 /* MapwizeUI.h in Headers */,
				8F8607C9219D67AB00281AB7 /* MWZMapwizeViewDelegate.h in Headers */,
				8FDEC07123687D50005D12B1 /* MWZMapViewMenuBarDelegate.h in Headers */,
				8F8607C8219D67AB00281AB7 /* MWZMapwizeView.h in Headers */,
			);
			runOnlyForDeploymentPostprocessing = 0;
		};
/* End PBXHeadersBuildPhase section */

/* Begin PBXNativeTarget section */
		8F860775219D66A100281AB7 /* MapwizeUI */ = {
			isa = PBXNativeTarget;
			buildConfigurationList = 8F86077E219D66A100281AB7 /* Build configuration list for PBXNativeTarget "MapwizeUI" */;
			buildPhases = (
				19850933DC2F4D0FEC0231C9 /* [CP] Check Pods Manifest.lock */,
				8F860771219D66A100281AB7 /* Headers */,
				8F860772219D66A100281AB7 /* Sources */,
				8F860773219D66A100281AB7 /* Frameworks */,
				8F860774219D66A100281AB7 /* Resources */,
			);
			buildRules = (
			);
			dependencies = (
			);
			name = MapwizeUI;
			productName = MapwizeUI;
			productReference = 8F860776219D66A100281AB7 /* MapwizeUI.framework */;
			productType = "com.apple.product-type.framework";
		};
/* End PBXNativeTarget section */

/* Begin PBXProject section */
		8F86076D219D66A100281AB7 /* Project object */ = {
			isa = PBXProject;
			attributes = {
				LastUpgradeCheck = 1000;
				ORGANIZATIONNAME = "Etienne Mercier";
				TargetAttributes = {
					8F860775219D66A100281AB7 = {
						CreatedOnToolsVersion = 10.0;
					};
				};
			};
			buildConfigurationList = 8F860770219D66A100281AB7 /* Build configuration list for PBXProject "MapwizeUI" */;
			compatibilityVersion = "Xcode 9.3";
			developmentRegion = en;
			hasScannedForEncodings = 0;
			knownRegions = (
				en,
			);
			mainGroup = 8F86076C219D66A100281AB7;
			productRefGroup = 8F860777219D66A100281AB7 /* Products */;
			projectDirPath = "";
			projectRoot = "";
			targets = (
				8F860775219D66A100281AB7 /* MapwizeUI */,
			);
		};
/* End PBXProject section */

/* Begin PBXResourcesBuildPhase section */
		8F860774219D66A100281AB7 /* Resources */ = {
			isa = PBXResourcesBuildPhase;
			buildActionMask = 2147483647;
			files = (
				8F86080F219DA7A600281AB7 /* mwzimages.xcassets in Resources */,
				8F8607FE219D976200281AB7 /* Localizable.strings in Resources */,
			);
			runOnlyForDeploymentPostprocessing = 0;
		};
/* End PBXResourcesBuildPhase section */

/* Begin PBXShellScriptBuildPhase section */
		19850933DC2F4D0FEC0231C9 /* [CP] Check Pods Manifest.lock */ = {
			isa = PBXShellScriptBuildPhase;
			buildActionMask = 2147483647;
			files = (
			);
			inputPaths = (
				"${PODS_PODFILE_DIR_PATH}/Podfile.lock",
				"${PODS_ROOT}/Manifest.lock",
			);
			name = "[CP] Check Pods Manifest.lock";
			outputPaths = (
				"$(DERIVED_FILE_DIR)/Pods-MapwizeUI-checkManifestLockResult.txt",
			);
			runOnlyForDeploymentPostprocessing = 0;
			shellPath = /bin/sh;
			shellScript = "diff \"${PODS_PODFILE_DIR_PATH}/Podfile.lock\" \"${PODS_ROOT}/Manifest.lock\" > /dev/null\nif [ $? != 0 ] ; then\n    # print error to STDERR\n    echo \"error: The sandbox is not in sync with the Podfile.lock. Run 'pod install' or update your CocoaPods installation.\" >&2\n    exit 1\nfi\n# This output is used by Xcode 'outputs' to avoid re-running this script phase.\necho \"SUCCESS\" > \"${SCRIPT_OUTPUT_FILE_0}\"\n";
			showEnvVarsInLog = 0;
		};
/* End PBXShellScriptBuildPhase section */

/* Begin PBXSourcesBuildPhase section */
		8F860772219D66A100281AB7 /* Sources */ = {
			isa = PBXSourcesBuildPhase;
			buildActionMask = 2147483647;
			files = (
				8F8607D4219D67AB00281AB7 /* ILIndoorLocation+DirectionPoint.m in Sources */,
				8FA9B3692369CBE2003A870A /* MWZSearchScene.m in Sources */,
				8F87E07C238FC95A00B18EB1 /* MWZDefaultSceneProperties.m in Sources */,
				8F8607EB219D67AB00281AB7 /* MWZUIResultList.m in Sources */,
				8F8607D3219D67AB00281AB7 /* MWZSearchData.m in Sources */,
				8FA9B360236982A3003A870A /* MWZUIConstants.m in Sources */,
				8F8607C0219D67AB00281AB7 /* MWZUISearchBar.m in Sources */,
				8F8B14B1237AA87C00E03BCE /* MWZDirectionHeader.m in Sources */,
				8F8B14AB237AA67300E03BCE /* MWZDirectionScene.m in Sources */,
				8F8607EA219D67AB00281AB7 /* MWZUITitleCell.m in Sources */,
				8F860813219DAE0800281AB7 /* MWZMapwizeViewUISettings.m in Sources */,
				8F8607DA219D67AB00281AB7 /* MWZUIDirectionBar.m in Sources */,
				8F74A7F42382DEE80036B830 /* MWZPaddingTextField.m in Sources */,
				8F8640D4222831140043E9E5 /* MWZUITitleWithoutFloorCellTableViewCell.m in Sources */,
				8F87E08023951A7F00B18EB1 /* MWZDirectionModeSegment.m in Sources */,
				8F8607E6219D67AB00281AB7 /* MWZUISubtitleCell.m in Sources */,
				8F8607CB219D67AB00281AB7 /* MWZUIIconTextButton.m in Sources */,
				8F8607F0219D67AB00281AB7 /* MWZUIFloorView.m in Sources */,
				8FD2D599236AD28400F77DB2 /* MWZSceneCoordinator.m in Sources */,
				8F8607CA219D67AB00281AB7 /* MWZMapwizeView.m in Sources */,
				8F8607D0219D67AB00281AB7 /* MWZUIBorderedTextField.m in Sources */,
				8F8607DC219D67AB00281AB7 /* MWZUIUniversesButton.m in Sources */,
				8F1B2A612369DBCA0001CEA1 /* MWZDefaultScene.m in Sources */,
				8F86080B219D9CAA00281AB7 /* MWZUILanguagesButton.m in Sources */,
				8FDEC06423684703005D12B1 /* MWZMapViewController.m in Sources */,
				8F8607E1219D67AB00281AB7 /* MWZUIFollowUserButton.m in Sources */,
				8F8607D2219D67AB00281AB7 /* MWZUICurrentLocationView.m in Sources */,
				8F8607DB219D67AB00281AB7 /* MWZUIDirectionInfo.m in Sources */,
				C6B8D5712226785400A3AD82 /* MWZUIOptions.m in Sources */,
				8F8607E9219D67AB00281AB7 /* MWZUIGroupedResultList.m in Sources */,
				8FDEC06F23687C3F005D12B1 /* MWZMapViewMenuBar.m in Sources */,
				8F860818219DC5F200281AB7 /* MWZUIColors.m in Sources */,
				8F8607C4219D67AB00281AB7 /* MWZUICompass.m in Sources */,
				8F87E0842395416500B18EB1 /* MWZDirectionMode.m in Sources */,
				8F8607C5219D67AB00281AB7 /* MWZUIBottomInfoView.m in Sources */,
				8F8607EF219D67AB00281AB7 /* MWZUIFloorController.m in Sources */,
				8FDEC05F23684005005D12B1 /* MWZSearchQueryBar.m in Sources */,
				8FA9B35C23688294003A870A /* MWZSearchViewControllerOptions.m in Sources */,
				8F8607D1219D67AB00281AB7 /* MWZUILoadingBar.m in Sources */,
				8F8B14B7237ABC0900E03BCE /* MWZPaddingLabel.m in Sources */,
			);
			runOnlyForDeploymentPostprocessing = 0;
		};
/* End PBXSourcesBuildPhase section */

/* Begin PBXVariantGroup section */
		8F860800219D976200281AB7 /* Localizable.strings */ = {
			isa = PBXVariantGroup;
			children = (
				8F8607FF219D976200281AB7 /* en */,
			);
			name = Localizable.strings;
			sourceTree = "<group>";
		};
/* End PBXVariantGroup section */

/* Begin XCBuildConfiguration section */
		8F86077C219D66A100281AB7 /* Debug */ = {
			isa = XCBuildConfiguration;
			buildSettings = {
				ALWAYS_SEARCH_USER_PATHS = NO;
				CLANG_ANALYZER_NONNULL = YES;
				CLANG_ANALYZER_NUMBER_OBJECT_CONVERSION = YES_AGGRESSIVE;
				CLANG_CXX_LANGUAGE_STANDARD = "gnu++14";
				CLANG_CXX_LIBRARY = "libc++";
				CLANG_ENABLE_MODULES = YES;
				CLANG_ENABLE_OBJC_ARC = YES;
				CLANG_ENABLE_OBJC_WEAK = YES;
				CLANG_WARN_BLOCK_CAPTURE_AUTORELEASING = YES;
				CLANG_WARN_BOOL_CONVERSION = YES;
				CLANG_WARN_COMMA = YES;
				CLANG_WARN_CONSTANT_CONVERSION = YES;
				CLANG_WARN_DEPRECATED_OBJC_IMPLEMENTATIONS = YES;
				CLANG_WARN_DIRECT_OBJC_ISA_USAGE = YES_ERROR;
				CLANG_WARN_DOCUMENTATION_COMMENTS = YES;
				CLANG_WARN_EMPTY_BODY = YES;
				CLANG_WARN_ENUM_CONVERSION = YES;
				CLANG_WARN_INFINITE_RECURSION = YES;
				CLANG_WARN_INT_CONVERSION = YES;
				CLANG_WARN_NON_LITERAL_NULL_CONVERSION = YES;
				CLANG_WARN_OBJC_IMPLICIT_RETAIN_SELF = YES;
				CLANG_WARN_OBJC_LITERAL_CONVERSION = YES;
				CLANG_WARN_OBJC_ROOT_CLASS = YES_ERROR;
				CLANG_WARN_RANGE_LOOP_ANALYSIS = YES;
				CLANG_WARN_STRICT_PROTOTYPES = YES;
				CLANG_WARN_SUSPICIOUS_MOVE = YES;
				CLANG_WARN_UNGUARDED_AVAILABILITY = YES_AGGRESSIVE;
				CLANG_WARN_UNREACHABLE_CODE = YES;
				CLANG_WARN__DUPLICATE_METHOD_MATCH = YES;
				CODE_SIGN_IDENTITY = "iPhone Developer";
				COPY_PHASE_STRIP = NO;
				CURRENT_PROJECT_VERSION = 1;
				DEBUG_INFORMATION_FORMAT = dwarf;
				ENABLE_STRICT_OBJC_MSGSEND = YES;
				ENABLE_TESTABILITY = YES;
				GCC_C_LANGUAGE_STANDARD = gnu11;
				GCC_DYNAMIC_NO_PIC = NO;
				GCC_NO_COMMON_BLOCKS = YES;
				GCC_OPTIMIZATION_LEVEL = 0;
				GCC_PREPROCESSOR_DEFINITIONS = (
					"DEBUG=1",
					"$(inherited)",
				);
				GCC_WARN_64_TO_32_BIT_CONVERSION = YES;
				GCC_WARN_ABOUT_RETURN_TYPE = YES_ERROR;
				GCC_WARN_UNDECLARED_SELECTOR = YES;
				GCC_WARN_UNINITIALIZED_AUTOS = YES_AGGRESSIVE;
				GCC_WARN_UNUSED_FUNCTION = YES;
				GCC_WARN_UNUSED_VARIABLE = YES;
				IPHONEOS_DEPLOYMENT_TARGET = 10.0;
				MTL_ENABLE_DEBUG_INFO = INCLUDE_SOURCE;
				MTL_FAST_MATH = YES;
				ONLY_ACTIVE_ARCH = YES;
				SDKROOT = iphoneos;
				VERSIONING_SYSTEM = "apple-generic";
				VERSION_INFO_PREFIX = "";
			};
			name = Debug;
		};
		8F86077D219D66A100281AB7 /* Release */ = {
			isa = XCBuildConfiguration;
			buildSettings = {
				ALWAYS_SEARCH_USER_PATHS = NO;
				CLANG_ANALYZER_NONNULL = YES;
				CLANG_ANALYZER_NUMBER_OBJECT_CONVERSION = YES_AGGRESSIVE;
				CLANG_CXX_LANGUAGE_STANDARD = "gnu++14";
				CLANG_CXX_LIBRARY = "libc++";
				CLANG_ENABLE_MODULES = YES;
				CLANG_ENABLE_OBJC_ARC = YES;
				CLANG_ENABLE_OBJC_WEAK = YES;
				CLANG_WARN_BLOCK_CAPTURE_AUTORELEASING = YES;
				CLANG_WARN_BOOL_CONVERSION = YES;
				CLANG_WARN_COMMA = YES;
				CLANG_WARN_CONSTANT_CONVERSION = YES;
				CLANG_WARN_DEPRECATED_OBJC_IMPLEMENTATIONS = YES;
				CLANG_WARN_DIRECT_OBJC_ISA_USAGE = YES_ERROR;
				CLANG_WARN_DOCUMENTATION_COMMENTS = YES;
				CLANG_WARN_EMPTY_BODY = YES;
				CLANG_WARN_ENUM_CONVERSION = YES;
				CLANG_WARN_INFINITE_RECURSION = YES;
				CLANG_WARN_INT_CONVERSION = YES;
				CLANG_WARN_NON_LITERAL_NULL_CONVERSION = YES;
				CLANG_WARN_OBJC_IMPLICIT_RETAIN_SELF = YES;
				CLANG_WARN_OBJC_LITERAL_CONVERSION = YES;
				CLANG_WARN_OBJC_ROOT_CLASS = YES_ERROR;
				CLANG_WARN_RANGE_LOOP_ANALYSIS = YES;
				CLANG_WARN_STRICT_PROTOTYPES = YES;
				CLANG_WARN_SUSPICIOUS_MOVE = YES;
				CLANG_WARN_UNGUARDED_AVAILABILITY = YES_AGGRESSIVE;
				CLANG_WARN_UNREACHABLE_CODE = YES;
				CLANG_WARN__DUPLICATE_METHOD_MATCH = YES;
				CODE_SIGN_IDENTITY = "iPhone Developer";
				COPY_PHASE_STRIP = NO;
				CURRENT_PROJECT_VERSION = 1;
				DEBUG_INFORMATION_FORMAT = "dwarf-with-dsym";
				ENABLE_NS_ASSERTIONS = NO;
				ENABLE_STRICT_OBJC_MSGSEND = YES;
				GCC_C_LANGUAGE_STANDARD = gnu11;
				GCC_NO_COMMON_BLOCKS = YES;
				GCC_WARN_64_TO_32_BIT_CONVERSION = YES;
				GCC_WARN_ABOUT_RETURN_TYPE = YES_ERROR;
				GCC_WARN_UNDECLARED_SELECTOR = YES;
				GCC_WARN_UNINITIALIZED_AUTOS = YES_AGGRESSIVE;
				GCC_WARN_UNUSED_FUNCTION = YES;
				GCC_WARN_UNUSED_VARIABLE = YES;
				IPHONEOS_DEPLOYMENT_TARGET = 10.0;
				MTL_ENABLE_DEBUG_INFO = NO;
				MTL_FAST_MATH = YES;
				SDKROOT = iphoneos;
				VALIDATE_PRODUCT = YES;
				VERSIONING_SYSTEM = "apple-generic";
				VERSION_INFO_PREFIX = "";
			};
			name = Release;
		};
		8F86077F219D66A100281AB7 /* Debug */ = {
			isa = XCBuildConfiguration;
			baseConfigurationReference = 41A462D5A11F5E34086522F1 /* Pods-MapwizeUI.debug.xcconfig */;
			buildSettings = {
				CODE_SIGN_IDENTITY = "";
				CODE_SIGN_STYLE = Automatic;
				DEFINES_MODULE = YES;
				DEVELOPMENT_TEAM = GGHGAE294R;
				DYLIB_COMPATIBILITY_VERSION = 1;
				DYLIB_CURRENT_VERSION = 1;
				DYLIB_INSTALL_NAME_BASE = "@rpath";
				INFOPLIST_FILE = MapwizeUI/Info.plist;
				INSTALL_PATH = "$(LOCAL_LIBRARY_DIR)/Frameworks";
				LD_RUNPATH_SEARCH_PATHS = (
					"$(inherited)",
					"@executable_path/Frameworks",
					"@loader_path/Frameworks",
				);
				PRODUCT_BUNDLE_IDENTIFIER = io.mapwize.MapwizeUI;
				PRODUCT_NAME = "$(TARGET_NAME:c99extidentifier)";
				SKIP_INSTALL = YES;
				SUPPORTS_MACCATALYST = NO;
				TARGETED_DEVICE_FAMILY = "1,2";
			};
			name = Debug;
		};
		8F860780219D66A100281AB7 /* Release */ = {
			isa = XCBuildConfiguration;
			baseConfigurationReference = 2D0DF2659609D033DF11BC8B /* Pods-MapwizeUI.release.xcconfig */;
			buildSettings = {
				CODE_SIGN_IDENTITY = "";
				CODE_SIGN_STYLE = Automatic;
				DEFINES_MODULE = YES;
				DEVELOPMENT_TEAM = GGHGAE294R;
				DYLIB_COMPATIBILITY_VERSION = 1;
				DYLIB_CURRENT_VERSION = 1;
				DYLIB_INSTALL_NAME_BASE = "@rpath";
				INFOPLIST_FILE = MapwizeUI/Info.plist;
				INSTALL_PATH = "$(LOCAL_LIBRARY_DIR)/Frameworks";
				LD_RUNPATH_SEARCH_PATHS = (
					"$(inherited)",
					"@executable_path/Frameworks",
					"@loader_path/Frameworks",
				);
				PRODUCT_BUNDLE_IDENTIFIER = io.mapwize.MapwizeUI;
				PRODUCT_NAME = "$(TARGET_NAME:c99extidentifier)";
				SKIP_INSTALL = YES;
				SUPPORTS_MACCATALYST = NO;
				TARGETED_DEVICE_FAMILY = "1,2";
			};
			name = Release;
		};
/* End XCBuildConfiguration section */

/* Begin XCConfigurationList section */
		8F860770219D66A100281AB7 /* Build configuration list for PBXProject "MapwizeUI" */ = {
			isa = XCConfigurationList;
			buildConfigurations = (
				8F86077C219D66A100281AB7 /* Debug */,
				8F86077D219D66A100281AB7 /* Release */,
			);
			defaultConfigurationIsVisible = 0;
			defaultConfigurationName = Release;
		};
		8F86077E219D66A100281AB7 /* Build configuration list for PBXNativeTarget "MapwizeUI" */ = {
			isa = XCConfigurationList;
			buildConfigurations = (
				8F86077F219D66A100281AB7 /* Debug */,
				8F860780219D66A100281AB7 /* Release */,
			);
			defaultConfigurationIsVisible = 0;
			defaultConfigurationName = Release;
		};
/* End XCConfigurationList section */
	};
	rootObject = 8F86076D219D66A100281AB7 /* Project object */;
}
